{
  "@emotion/core": {
    "version": "10.0.17",
    "resolved": "https://registry.npmjs.org/@emotion/core/-/core-10.0.17.tgz",
    "integrity": "sha512-gykyjjr0sxzVuZBVTVK4dUmYsorc2qLhdYgSiOVK+m7WXgcYTKZevGWZ7TLAgTZvMelCTvhNq8xnf8FR1IdTbg==",
    "dev": true,
    "requires": {
      "@babel/runtime": "7.6.2",
      "@emotion/cache": "10.0.19",
      "@emotion/css": "10.0.14",
      "@emotion/serialize": "0.11.11",
      "@emotion/sheet": "0.9.3",
      "@emotion/utils": "0.11.2"
    },
    "dependencies": {
      "@babel/runtime": {
        "version": "7.6.2",
        "resolved": "https://registry.npmjs.org/@babel/runtime/-/runtime-7.6.2.tgz",
        "integrity": "sha512-EXxN64agfUqqIGeEjI5dL5z0Sw0ZwWo1mLTi4mQowCZ42O59b7DRpZAnTC6OqdF28wMBMFKNb/4uFGrVaigSpg==",
        "dev": true,
        "requires": {
          "regenerator-runtime": "0.13.3"
        }
      },
      "regenerator-runtime": {
        "version": "0.13.3",
        "resolved": "https://registry.npmjs.org/regenerator-runtime/-/regenerator-runtime-0.13.3.tgz",
        "integrity": "sha512-naKIZz2GQ8JWh///G7L3X6LaQUAMp2lvb1rvwwsURe/VXwD6VMfr+/1NuNw3ag8v2kY1aQ/go5SNn79O9JU7yw==",
        "dev": true
      }
    }
  },
  "@emotion/css": {
    "version": "10.0.14",
    "resolved": "https://registry.npmjs.org/@emotion/css/-/css-10.0.14.tgz",
    "integrity": "sha512-MozgPkBEWvorcdpqHZE5x1D/PLEHUitALQCQYt2wayf4UNhpgQs2tN0UwHYS4FMy5ROBH+0ALyCFVYJ/ywmwlg==",
    "dev": true,
    "requires": {
      "@emotion/serialize": "0.11.11",
      "@emotion/utils": "0.11.2",
      "babel-plugin-emotion": "10.0.19"
    }
  },
  "@emotion/hash": {
    "version": "0.7.3",
    "resolved": "https://registry.npmjs.org/@emotion/hash/-/hash-0.7.3.tgz",
    "integrity": "sha512-14ZVlsB9akwvydAdaEnVnvqu6J2P6ySv39hYyl/aoB6w/V+bXX0tay8cF6paqbgZsN2n5Xh15uF4pE+GvE+itw==",
    "dev": true
  },
  "@emotion/is-prop-valid": {
    "version": "0.8.3",
    "resolved": "https://registry.npmjs.org/@emotion/is-prop-valid/-/is-prop-valid-0.8.3.tgz",
    "integrity": "sha512-We7VBiltAJ70KQA0dWkdPMXnYoizlxOXpvtjmu5/MBnExd+u0PGgV27WCYanmLAbCwAU30Le/xA0CQs/F/Otig==",
    "dev": true,
    "requires": {
      "@emotion/memoize": "0.7.3"
    }
  },
  // ... (other dependencies)
  "@jest/console": {
    "version": "24.7.1",
    "resolved": "https://registry.npmjs.org/@jest/console/-/console-24.7.1.tgz",
    "integrity": "sha512-iNhtIy2M8bXlAOULWVTUxmnelTLFneTNEkHCgPmgd+zNwy9zVddJ6oS5rZ9iwoscNdT5mMwUd0C51v/fSlzItg==",
    "dev": true,
    "requires": {
      "@jest/source-map": "24.3.0",
      "chalk": "2.4.2",
      "slash": "2.0.0"
    },
    "dependencies": {
      "ansi-styles": {
        "version": "3.2.1",
        "resolved": "https://registry.npmjs.org/ansi-styles/-/ansi-styles-3.2.1.tgz",
        "integrity": "sha512-VT0ZI6kZRdTh8YyJw3SMbYm/u+NqfsAxEpWO0Pf9sq8/e94WxxOpPKx9FR1FlyCtOVDNOQ+8ntlqFxiRc+r5qA==",
        "dev": true,
        "requires": {
          "color-convert": "1.9.3"
        }
      }
    }
  }
}
